
Microsoft Visual Studio Solution File, Format Version 12.00
# Visual Studio Version 17
VisualStudioVersion = 17.10.34916.146
MinimumVisualStudioVersion = 10.0.40219.1
Project("{FAE04EC0-301F-11D3-BF4B-00C04F79EFBC}") = "Exercise315E", "Exercise315E\Exercise315E.csproj", "{48AEB83A-2C79-40A6-9318-3A9F5C8BB525}"
EndProject
Global
	GlobalSection(SolutionConfigurationPlatforms) = preSolution
		Debug|Any CPU = Debug|Any CPU
		Release|Any CPU = Release|Any CPU
	EndGlobalSection
	GlobalSection(ProjectConfigurationPlatforms) = postSolution
		{48AEB83A-2C79-40A6-9318-3A9F5C8BB525}.Debug|Any CPU.ActiveCfg = Debug|Any CPU
		{48AEB83A-2C79-40A6-9318-3A9F5C8BB525}.Debug|Any CPU.Build.0 = Debug|Any CPU
		{48AEB83A-2C79-40A6-9318-3A9F5C8BB525}.Release|Any CPU.ActiveCfg = Release|Any CPU
		{48AEB83A-2C79-40A6-9318-3A9F5C8BB525}.Release|Any CPU.Build.0 = Release|Any CPU
	EndGlobalSection
	GlobalSection(SolutionProperties) = preSolution
		HideSolutionNode = FALSE
	EndGlobalSection
	GlobalSection(ExtensibilityGlobals) = postSolution
		SolutionGuid = {744CF671-E678-4C4B-8B5A-D9CFDC779A36}
	EndGlobalSection
EndGlobal
